
Microsoft Visual Studio Solution File, Format Version 12.00
# Visual Studio 15
VisualStudioVersion = 15.0.28307.1525
MinimumVisualStudioVersion = 10.0.40219.1
Project("{9A19103F-16F7-4668-BE54-9A1E7A4F7556}") = "CandidateTesting.GabrielKobayashiBarboza.UnitTest", "CandidateTesting.GabrielKobayashiBarboza.UnitTest\CandidateTesting.GabrielKobayashiBarboza.UnitTest.csproj", "{10C510FC-5182-42B0-982D-58022F51AAD0}"
EndProject
Project("{9A19103F-16F7-4668-BE54-9A1E7A4F7556}") = "CandidateTesting.GabrielKobayashiBarboza.ConvertLog", "CandidateTesting.GabrielKobayashiBarboza.ConvertLog\CandidateTesting.GabrielKobayashiBarboza.ConvertLog.csproj", "{E284C84F-CF23-4249-823D-8622E0CD5C1A}"
EndProject
Global
	GlobalSection(SolutionConfigurationPlatforms) = preSolution
		Debug|Any CPU = Debug|Any CPU
		Release|Any CPU = Release|Any CPU
	EndGlobalSection
	GlobalSection(ProjectConfigurationPlatforms) = postSolution
		{10C510FC-5182-42B0-982D-58022F51AAD0}.Debug|Any CPU.ActiveCfg = Debug|Any CPU
		{10C510FC-5182-42B0-982D-58022F51AAD0}.Debug|Any CPU.Build.0 = Debug|Any CPU
		{10C510FC-5182-42B0-982D-58022F51AAD0}.Release|Any CPU.ActiveCfg = Release|Any CPU
		{10C510FC-5182-42B0-982D-58022F51AAD0}.Release|Any CPU.Build.0 = Release|Any CPU
		{E284C84F-CF23-4249-823D-8622E0CD5C1A}.Debug|Any CPU.ActiveCfg = Debug|Any CPU
		{E284C84F-CF23-4249-823D-8622E0CD5C1A}.Debug|Any CPU.Build.0 = Debug|Any CPU
		{E284C84F-CF23-4249-823D-8622E0CD5C1A}.Release|Any CPU.ActiveCfg = Release|Any CPU
		{E284C84F-CF23-4249-823D-8622E0CD5C1A}.Release|Any CPU.Build.0 = Release|Any CPU
	EndGlobalSection
	GlobalSection(SolutionProperties) = preSolution
		HideSolutionNode = FALSE
	EndGlobalSection
	GlobalSection(ExtensibilityGlobals) = postSolution
		SolutionGuid = {CBC7B9D1-56E0-4E5B-B29B-E246280F7B69}
	EndGlobalSection
EndGlobal
